
Microsoft Visual Studio Solution File, Format Version 11.00
# Visual Studio 2010
Project("{FAE04EC0-301F-11D3-BF4B-00C04F79EFBC}") = "SimpleNotif.Web", "SimpleNotif.Web\SimpleNotif.Web.csproj", "{8C503047-14D2-4634-BB19-708AB866D198}"
EndProject
Project("{FAE04EC0-301F-11D3-BF4B-00C04F79EFBC}") = "SimpleNotif", "SimpleNotif\SimpleNotif.csproj", "{371FCD9D-C01C-4237-994F-D198D27E4979}"
	ProjectSection(ProjectDependencies) = postProject
		{8C503047-14D2-4634-BB19-708AB866D198} = {8C503047-14D2-4634-BB19-708AB866D198}
	EndProjectSection
EndProject
Global
	GlobalSection(SolutionConfigurationPlatforms) = preSolution
		Debug|Any CPU = Debug|Any CPU
		Release|Any CPU = Release|Any CPU
	EndGlobalSection
	GlobalSection(ProjectConfigurationPlatforms) = postSolution
		{8C503047-14D2-4634-BB19-708AB866D198}.Debug|Any CPU.ActiveCfg = Debug|Any CPU
		{8C503047-14D2-4634-BB19-708AB866D198}.Debug|Any CPU.Build.0 = Debug|Any CPU
		{8C503047-14D2-4634-BB19-708AB866D198}.Release|Any CPU.ActiveCfg = Release|Any CPU
		{8C503047-14D2-4634-BB19-708AB866D198}.Release|Any CPU.Build.0 = Release|Any CPU
		{371FCD9D-C01C-4237-994F-D198D27E4979}.Debug|Any CPU.ActiveCfg = Debug|Any CPU
		{371FCD9D-C01C-4237-994F-D198D27E4979}.Debug|Any CPU.Build.0 = Debug|Any CPU
		{371FCD9D-C01C-4237-994F-D198D27E4979}.Release|Any CPU.ActiveCfg = Release|Any CPU
		{371FCD9D-C01C-4237-994F-D198D27E4979}.Release|Any CPU.Build.0 = Release|Any CPU
	EndGlobalSection
	GlobalSection(SolutionProperties) = preSolution
		HideSolutionNode = FALSE
	EndGlobalSection
EndGlobal
