
Microsoft Visual Studio Solution File, Format Version 11.00
# Visual Studio 2010
Project("{FAE04EC0-301F-11D3-BF4B-00C04F79EFBC}") = "SilverlightTestWeb", "SilverlightTestWeb\SilverlightTestWeb.csproj", "{68DDA288-2D66-4B09-ACA1-6EA08968F6F7}"
EndProject
Project("{FAE04EC0-301F-11D3-BF4B-00C04F79EFBC}") = "ThemeContainerApp", "ThemeContainerApp\ThemeContainerApp.csproj", "{78DC5076-1B0E-4E9E-9806-D92906F8EEAB}"
EndProject
Global
	GlobalSection(SolutionConfigurationPlatforms) = preSolution
		Debug|Any CPU = Debug|Any CPU
		Release|Any CPU = Release|Any CPU
	EndGlobalSection
	GlobalSection(ProjectConfigurationPlatforms) = postSolution
		{68DDA288-2D66-4B09-ACA1-6EA08968F6F7}.Debug|Any CPU.ActiveCfg = Debug|Any CPU
		{68DDA288-2D66-4B09-ACA1-6EA08968F6F7}.Debug|Any CPU.Build.0 = Debug|Any CPU
		{68DDA288-2D66-4B09-ACA1-6EA08968F6F7}.Release|Any CPU.ActiveCfg = Release|Any CPU
		{68DDA288-2D66-4B09-ACA1-6EA08968F6F7}.Release|Any CPU.Build.0 = Release|Any CPU
		{78DC5076-1B0E-4E9E-9806-D92906F8EEAB}.Debug|Any CPU.ActiveCfg = Debug|Any CPU
		{78DC5076-1B0E-4E9E-9806-D92906F8EEAB}.Debug|Any CPU.Build.0 = Debug|Any CPU
		{78DC5076-1B0E-4E9E-9806-D92906F8EEAB}.Release|Any CPU.ActiveCfg = Release|Any CPU
		{78DC5076-1B0E-4E9E-9806-D92906F8EEAB}.Release|Any CPU.Build.0 = Release|Any CPU
	EndGlobalSection
	GlobalSection(SolutionProperties) = preSolution
		HideSolutionNode = FALSE
	EndGlobalSection
EndGlobal
