
Microsoft Visual Studio Solution File, Format Version 11.00
# Visual Studio 2010
Project("{FAE04EC0-301F-11D3-BF4B-00C04F79EFBC}") = "PerfEx.Demo.SimpleGame", "PerfEx.Demo.SimpleGame\PerfEx.Demo.SimpleGame.csproj", "{C7988E4D-4B0F-4449-957B-169A46114AC3}"
EndProject
Project("{FAE04EC0-301F-11D3-BF4B-00C04F79EFBC}") = "PerfEx.Demo.SimpleGame.Models", "PerfEx.Demo.SimpleGame.Models\PerfEx.Demo.SimpleGame.Models.csproj", "{BAF49E6C-8F91-4CE0-9AAE-05E70429A962}"
EndProject
Project("{FAE04EC0-301F-11D3-BF4B-00C04F79EFBC}") = "PerfEx.Demo.SimpleGame.Commands", "PerfEx.Demo.SimpleGame.Commands\PerfEx.Demo.SimpleGame.Commands.csproj", "{CA268C8B-5A75-4A0F-8B56-7EFF54837366}"
EndProject
Project("{FAE04EC0-301F-11D3-BF4B-00C04F79EFBC}") = "PerfEx.Demo.SimpleGame.DAL.Contracts", "PerfEx.Demo.SimpleGame.DAL.Contracts\PerfEx.Demo.SimpleGame.DAL.Contracts.csproj", "{81770B5A-859B-43E6-ABA7-6F99D4588872}"
EndProject
Project("{FAE04EC0-301F-11D3-BF4B-00C04F79EFBC}") = "PerfEx.Demo.SimpleGame.Specs", "PerfEx.Demo.SimpleGame.Specs\PerfEx.Demo.SimpleGame.Specs.csproj", "{5DD0D8B3-C6A2-462A-9140-A5F9938DEDBF}"
EndProject
Global
	GlobalSection(SolutionConfigurationPlatforms) = preSolution
		Debug|Any CPU = Debug|Any CPU
		Release|Any CPU = Release|Any CPU
	EndGlobalSection
	GlobalSection(ProjectConfigurationPlatforms) = postSolution
		{C7988E4D-4B0F-4449-957B-169A46114AC3}.Debug|Any CPU.ActiveCfg = Debug|Any CPU
		{C7988E4D-4B0F-4449-957B-169A46114AC3}.Debug|Any CPU.Build.0 = Debug|Any CPU
		{C7988E4D-4B0F-4449-957B-169A46114AC3}.Release|Any CPU.ActiveCfg = Release|Any CPU
		{C7988E4D-4B0F-4449-957B-169A46114AC3}.Release|Any CPU.Build.0 = Release|Any CPU
		{BAF49E6C-8F91-4CE0-9AAE-05E70429A962}.Debug|Any CPU.ActiveCfg = Debug|Any CPU
		{BAF49E6C-8F91-4CE0-9AAE-05E70429A962}.Debug|Any CPU.Build.0 = Debug|Any CPU
		{BAF49E6C-8F91-4CE0-9AAE-05E70429A962}.Release|Any CPU.ActiveCfg = Release|Any CPU
		{BAF49E6C-8F91-4CE0-9AAE-05E70429A962}.Release|Any CPU.Build.0 = Release|Any CPU
		{CA268C8B-5A75-4A0F-8B56-7EFF54837366}.Debug|Any CPU.ActiveCfg = Debug|Any CPU
		{CA268C8B-5A75-4A0F-8B56-7EFF54837366}.Debug|Any CPU.Build.0 = Debug|Any CPU
		{CA268C8B-5A75-4A0F-8B56-7EFF54837366}.Release|Any CPU.ActiveCfg = Release|Any CPU
		{CA268C8B-5A75-4A0F-8B56-7EFF54837366}.Release|Any CPU.Build.0 = Release|Any CPU
		{81770B5A-859B-43E6-ABA7-6F99D4588872}.Debug|Any CPU.ActiveCfg = Debug|Any CPU
		{81770B5A-859B-43E6-ABA7-6F99D4588872}.Debug|Any CPU.Build.0 = Debug|Any CPU
		{81770B5A-859B-43E6-ABA7-6F99D4588872}.Release|Any CPU.ActiveCfg = Release|Any CPU
		{81770B5A-859B-43E6-ABA7-6F99D4588872}.Release|Any CPU.Build.0 = Release|Any CPU
		{5DD0D8B3-C6A2-462A-9140-A5F9938DEDBF}.Debug|Any CPU.ActiveCfg = Debug|Any CPU
		{5DD0D8B3-C6A2-462A-9140-A5F9938DEDBF}.Debug|Any CPU.Build.0 = Debug|Any CPU
		{5DD0D8B3-C6A2-462A-9140-A5F9938DEDBF}.Release|Any CPU.ActiveCfg = Release|Any CPU
		{5DD0D8B3-C6A2-462A-9140-A5F9938DEDBF}.Release|Any CPU.Build.0 = Release|Any CPU
	EndGlobalSection
	GlobalSection(SolutionProperties) = preSolution
		HideSolutionNode = FALSE
	EndGlobalSection
EndGlobal
