
Microsoft Visual Studio Solution File, Format Version 11.00
# Visual Studio 2010
Project("{FAE04EC0-301F-11D3-BF4B-00C04F79EFBC}") = "Magic9Game", "Magic9Game\Magic9Game.csproj", "{57C3B593-C7F2-4C35-B6FC-42990BB8E978}"
	ProjectSection(ProjectDependencies) = postProject
		{B69B1655-F4C3-4C22-808E-8897016B66FB} = {B69B1655-F4C3-4C22-808E-8897016B66FB}
	EndProjectSection
EndProject
Project("{FAE04EC0-301F-11D3-BF4B-00C04F79EFBC}") = "Magic9Game.Web", "Magic9Game.Web\Magic9Game.Web.csproj", "{B69B1655-F4C3-4C22-808E-8897016B66FB}"
EndProject
Global
	GlobalSection(SolutionConfigurationPlatforms) = preSolution
		Debug|Any CPU = Debug|Any CPU
		Release|Any CPU = Release|Any CPU
	EndGlobalSection
	GlobalSection(ProjectConfigurationPlatforms) = postSolution
		{57C3B593-C7F2-4C35-B6FC-42990BB8E978}.Debug|Any CPU.ActiveCfg = Debug|Any CPU
		{57C3B593-C7F2-4C35-B6FC-42990BB8E978}.Debug|Any CPU.Build.0 = Debug|Any CPU
		{57C3B593-C7F2-4C35-B6FC-42990BB8E978}.Release|Any CPU.ActiveCfg = Release|Any CPU
		{57C3B593-C7F2-4C35-B6FC-42990BB8E978}.Release|Any CPU.Build.0 = Release|Any CPU
		{B69B1655-F4C3-4C22-808E-8897016B66FB}.Debug|Any CPU.ActiveCfg = Debug|Any CPU
		{B69B1655-F4C3-4C22-808E-8897016B66FB}.Debug|Any CPU.Build.0 = Debug|Any CPU
		{B69B1655-F4C3-4C22-808E-8897016B66FB}.Release|Any CPU.ActiveCfg = Release|Any CPU
		{B69B1655-F4C3-4C22-808E-8897016B66FB}.Release|Any CPU.Build.0 = Release|Any CPU
	EndGlobalSection
	GlobalSection(SolutionProperties) = preSolution
		HideSolutionNode = FALSE
	EndGlobalSection
EndGlobal
